
Microsoft Visual Studio Solution File, Format Version 12.00
# Visual Studio Version 17
VisualStudioVersion = 17.7.34031.279
MinimumVisualStudioVersion = 10.0.40219.1
Project("{778DAE3C-4631-46EA-AA77-85C1314464D9}") = "HolaMundo_VB_WindowsForm", "HolaMundo_VB_WindowsForm\HolaMundo_VB_WindowsForm.vbproj", "{EFC24657-80B7-45FD-BC17-57FA58522DD6}"
EndProject
Project("{FAE04EC0-301F-11D3-BF4B-00C04F79EFBC}") = "HolaMundo_Csharp_WPF", "HolaMundo_C#_WPF\HolaMundo_Csharp_WPF.csproj", "{D93F4545-3301-423C-8A10-67BA0FD00BA7}"
EndProject
Project("{FAE04EC0-301F-11D3-BF4B-00C04F79EFBC}") = "HolaMundo_Csharp_UWP", "HolaMundo_C#_UWP\HolaMundo_Csharp_UWP.csproj", "{D5238D10-BC0B-49DC-A37B-8229D19B00F5}"
EndProject
Project("{FAE04EC0-301F-11D3-BF4B-00C04F79EFBC}") = "LibreriaComun_Csharp", "LibreriaComun_C#\LibreriaComun_Csharp.csproj", "{29EE7603-70F9-4AAB-AA27-477E4D5468B4}"
EndProject
Global
	GlobalSection(SolutionConfigurationPlatforms) = preSolution
		Debug|Any CPU = Debug|Any CPU
		Debug|ARM = Debug|ARM
		Debug|ARM64 = Debug|ARM64
		Debug|x64 = Debug|x64
		Debug|x86 = Debug|x86
		Release|Any CPU = Release|Any CPU
		Release|ARM = Release|ARM
		Release|ARM64 = Release|ARM64
		Release|x64 = Release|x64
		Release|x86 = Release|x86
	EndGlobalSection
	GlobalSection(ProjectConfigurationPlatforms) = postSolution
		{EFC24657-80B7-45FD-BC17-57FA58522DD6}.Debug|Any CPU.ActiveCfg = Debug|Any CPU
		{EFC24657-80B7-45FD-BC17-57FA58522DD6}.Debug|Any CPU.Build.0 = Debug|Any CPU
		{EFC24657-80B7-45FD-BC17-57FA58522DD6}.Debug|ARM.ActiveCfg = Debug|Any CPU
		{EFC24657-80B7-45FD-BC17-57FA58522DD6}.Debug|ARM.Build.0 = Debug|Any CPU
		{EFC24657-80B7-45FD-BC17-57FA58522DD6}.Debug|ARM64.ActiveCfg = Debug|Any CPU
		{EFC24657-80B7-45FD-BC17-57FA58522DD6}.Debug|ARM64.Build.0 = Debug|Any CPU
		{EFC24657-80B7-45FD-BC17-57FA58522DD6}.Debug|x64.ActiveCfg = Debug|Any CPU
		{EFC24657-80B7-45FD-BC17-57FA58522DD6}.Debug|x64.Build.0 = Debug|Any CPU
		{EFC24657-80B7-45FD-BC17-57FA58522DD6}.Debug|x86.ActiveCfg = Debug|Any CPU
		{EFC24657-80B7-45FD-BC17-57FA58522DD6}.Debug|x86.Build.0 = Debug|Any CPU
		{EFC24657-80B7-45FD-BC17-57FA58522DD6}.Release|Any CPU.ActiveCfg = Release|Any CPU
		{EFC24657-80B7-45FD-BC17-57FA58522DD6}.Release|Any CPU.Build.0 = Release|Any CPU
		{EFC24657-80B7-45FD-BC17-57FA58522DD6}.Release|ARM.ActiveCfg = Release|Any CPU
		{EFC24657-80B7-45FD-BC17-57FA58522DD6}.Release|ARM.Build.0 = Release|Any CPU
		{EFC24657-80B7-45FD-BC17-57FA58522DD6}.Release|ARM64.ActiveCfg = Release|Any CPU
		{EFC24657-80B7-45FD-BC17-57FA58522DD6}.Release|ARM64.Build.0 = Release|Any CPU
		{EFC24657-80B7-45FD-BC17-57FA58522DD6}.Release|x64.ActiveCfg = Release|Any CPU
		{EFC24657-80B7-45FD-BC17-57FA58522DD6}.Release|x64.Build.0 = Release|Any CPU
		{EFC24657-80B7-45FD-BC17-57FA58522DD6}.Release|x86.ActiveCfg = Release|Any CPU
		{EFC24657-80B7-45FD-BC17-57FA58522DD6}.Release|x86.Build.0 = Release|Any CPU
		{D93F4545-3301-423C-8A10-67BA0FD00BA7}.Debug|Any CPU.ActiveCfg = Debug|Any CPU
		{D93F4545-3301-423C-8A10-67BA0FD00BA7}.Debug|Any CPU.Build.0 = Debug|Any CPU
		{D93F4545-3301-423C-8A10-67BA0FD00BA7}.Debug|ARM.ActiveCfg = Debug|Any CPU
		{D93F4545-3301-423C-8A10-67BA0FD00BA7}.Debug|ARM.Build.0 = Debug|Any CPU
		{D93F4545-3301-423C-8A10-67BA0FD00BA7}.Debug|ARM64.ActiveCfg = Debug|Any CPU
		{D93F4545-3301-423C-8A10-67BA0FD00BA7}.Debug|ARM64.Build.0 = Debug|Any CPU
		{D93F4545-3301-423C-8A10-67BA0FD00BA7}.Debug|x64.ActiveCfg = Debug|Any CPU
		{D93F4545-3301-423C-8A10-67BA0FD00BA7}.Debug|x64.Build.0 = Debug|Any CPU
		{D93F4545-3301-423C-8A10-67BA0FD00BA7}.Debug|x86.ActiveCfg = Debug|Any CPU
		{D93F4545-3301-423C-8A10-67BA0FD00BA7}.Debug|x86.Build.0 = Debug|Any CPU
		{D93F4545-3301-423C-8A10-67BA0FD00BA7}.Release|Any CPU.ActiveCfg = Release|Any CPU
		{D93F4545-3301-423C-8A10-67BA0FD00BA7}.Release|Any CPU.Build.0 = Release|Any CPU
		{D93F4545-3301-423C-8A10-67BA0FD00BA7}.Release|ARM.ActiveCfg = Release|Any CPU
		{D93F4545-3301-423C-8A10-67BA0FD00BA7}.Release|ARM.Build.0 = Release|Any CPU
		{D93F4545-3301-423C-8A10-67BA0FD00BA7}.Release|ARM64.ActiveCfg = Release|Any CPU
		{D93F4545-3301-423C-8A10-67BA0FD00BA7}.Release|ARM64.Build.0 = Release|Any CPU
		{D93F4545-3301-423C-8A10-67BA0FD00BA7}.Release|x64.ActiveCfg = Release|Any CPU
		{D93F4545-3301-423C-8A10-67BA0FD00BA7}.Release|x64.Build.0 = Release|Any CPU
		{D93F4545-3301-423C-8A10-67BA0FD00BA7}.Release|x86.ActiveCfg = Release|Any CPU
		{D93F4545-3301-423C-8A10-67BA0FD00BA7}.Release|x86.Build.0 = Release|Any CPU
		{D5238D10-BC0B-49DC-A37B-8229D19B00F5}.Debug|Any CPU.ActiveCfg = Debug|x64
		{D5238D10-BC0B-49DC-A37B-8229D19B00F5}.Debug|Any CPU.Build.0 = Debug|x64
		{D5238D10-BC0B-49DC-A37B-8229D19B00F5}.Debug|Any CPU.Deploy.0 = Debug|x64
		{D5238D10-BC0B-49DC-A37B-8229D19B00F5}.Debug|ARM.ActiveCfg = Debug|ARM
		{D5238D10-BC0B-49DC-A37B-8229D19B00F5}.Debug|ARM.Build.0 = Debug|ARM
		{D5238D10-BC0B-49DC-A37B-8229D19B00F5}.Debug|ARM.Deploy.0 = Debug|ARM
		{D5238D10-BC0B-49DC-A37B-8229D19B00F5}.Debug|ARM64.ActiveCfg = Debug|ARM64
		{D5238D10-BC0B-49DC-A37B-8229D19B00F5}.Debug|ARM64.Build.0 = Debug|ARM64
		{D5238D10-BC0B-49DC-A37B-8229D19B00F5}.Debug|ARM64.Deploy.0 = Debug|ARM64
		{D5238D10-BC0B-49DC-A37B-8229D19B00F5}.Debug|x64.ActiveCfg = Debug|x64
		{D5238D10-BC0B-49DC-A37B-8229D19B00F5}.Debug|x64.Build.0 = Debug|x64
		{D5238D10-BC0B-49DC-A37B-8229D19B00F5}.Debug|x64.Deploy.0 = Debug|x64
		{D5238D10-BC0B-49DC-A37B-8229D19B00F5}.Debug|x86.ActiveCfg = Debug|x86
		{D5238D10-BC0B-49DC-A37B-8229D19B00F5}.Debug|x86.Build.0 = Debug|x86
		{D5238D10-BC0B-49DC-A37B-8229D19B00F5}.Debug|x86.Deploy.0 = Debug|x86
		{D5238D10-BC0B-49DC-A37B-8229D19B00F5}.Release|Any CPU.ActiveCfg = Release|x64
		{D5238D10-BC0B-49DC-A37B-8229D19B00F5}.Release|Any CPU.Build.0 = Release|x64
		{D5238D10-BC0B-49DC-A37B-8229D19B00F5}.Release|Any CPU.Deploy.0 = Release|x64
		{D5238D10-BC0B-49DC-A37B-8229D19B00F5}.Release|ARM.ActiveCfg = Release|ARM
		{D5238D10-BC0B-49DC-A37B-8229D19B00F5}.Release|ARM.Build.0 = Release|ARM
		{D5238D10-BC0B-49DC-A37B-8229D19B00F5}.Release|ARM.Deploy.0 = Release|ARM
		{D5238D10-BC0B-49DC-A37B-8229D19B00F5}.Release|ARM64.ActiveCfg = Release|ARM64
		{D5238D10-BC0B-49DC-A37B-8229D19B00F5}.Release|ARM64.Build.0 = Release|ARM64
		{D5238D10-BC0B-49DC-A37B-8229D19B00F5}.Release|ARM64.Deploy.0 = Release|ARM64
		{D5238D10-BC0B-49DC-A37B-8229D19B00F5}.Release|x64.ActiveCfg = Release|x64
		{D5238D10-BC0B-49DC-A37B-8229D19B00F5}.Release|x64.Build.0 = Release|x64
		{D5238D10-BC0B-49DC-A37B-8229D19B00F5}.Release|x64.Deploy.0 = Release|x64
		{D5238D10-BC0B-49DC-A37B-8229D19B00F5}.Release|x86.ActiveCfg = Release|x86
		{D5238D10-BC0B-49DC-A37B-8229D19B00F5}.Release|x86.Build.0 = Release|x86
		{D5238D10-BC0B-49DC-A37B-8229D19B00F5}.Release|x86.Deploy.0 = Release|x86
		{29EE7603-70F9-4AAB-AA27-477E4D5468B4}.Debug|Any CPU.ActiveCfg = Debug|Any CPU
		{29EE7603-70F9-4AAB-AA27-477E4D5468B4}.Debug|Any CPU.Build.0 = Debug|Any CPU
		{29EE7603-70F9-4AAB-AA27-477E4D5468B4}.Debug|ARM.ActiveCfg = Debug|Any CPU
		{29EE7603-70F9-4AAB-AA27-477E4D5468B4}.Debug|ARM.Build.0 = Debug|Any CPU
		{29EE7603-70F9-4AAB-AA27-477E4D5468B4}.Debug|ARM64.ActiveCfg = Debug|Any CPU
		{29EE7603-70F9-4AAB-AA27-477E4D5468B4}.Debug|ARM64.Build.0 = Debug|Any CPU
		{29EE7603-70F9-4AAB-AA27-477E4D5468B4}.Debug|x64.ActiveCfg = Debug|Any CPU
		{29EE7603-70F9-4AAB-AA27-477E4D5468B4}.Debug|x64.Build.0 = Debug|Any CPU
		{29EE7603-70F9-4AAB-AA27-477E4D5468B4}.Debug|x86.ActiveCfg = Debug|Any CPU
		{29EE7603-70F9-4AAB-AA27-477E4D5468B4}.Debug|x86.Build.0 = Debug|Any CPU
		{29EE7603-70F9-4AAB-AA27-477E4D5468B4}.Release|Any CPU.ActiveCfg = Release|Any CPU
		{29EE7603-70F9-4AAB-AA27-477E4D5468B4}.Release|Any CPU.Build.0 = Release|Any CPU
		{29EE7603-70F9-4AAB-AA27-477E4D5468B4}.Release|ARM.ActiveCfg = Release|Any CPU
		{29EE7603-70F9-4AAB-AA27-477E4D5468B4}.Release|ARM.Build.0 = Release|Any CPU
		{29EE7603-70F9-4AAB-AA27-477E4D5468B4}.Release|ARM64.ActiveCfg = Release|Any CPU
		{29EE7603-70F9-4AAB-AA27-477E4D5468B4}.Release|ARM64.Build.0 = Release|Any CPU
		{29EE7603-70F9-4AAB-AA27-477E4D5468B4}.Release|x64.ActiveCfg = Release|Any CPU
		{29EE7603-70F9-4AAB-AA27-477E4D5468B4}.Release|x64.Build.0 = Release|Any CPU
		{29EE7603-70F9-4AAB-AA27-477E4D5468B4}.Release|x86.ActiveCfg = Release|Any CPU
		{29EE7603-70F9-4AAB-AA27-477E4D5468B4}.Release|x86.Build.0 = Release|Any CPU
	EndGlobalSection
	GlobalSection(SolutionProperties) = preSolution
		HideSolutionNode = FALSE
	EndGlobalSection
	GlobalSection(ExtensibilityGlobals) = postSolution
		SolutionGuid = {6F68C51E-6F9B-4AFD-85E3-E3DC9A401189}
	EndGlobalSection
EndGlobal
