
Microsoft Visual Studio Solution File, Format Version 12.00
# Visual Studio Version 17
VisualStudioVersion = 17.7.34031.279
MinimumVisualStudioVersion = 10.0.40219.1
Project("{778DAE3C-4631-46EA-AA77-85C1314464D9}") = "HolaMundo_VB_WindowsForm", "HolaMundo_VB_WindowsForm\HolaMundo_VB_WindowsForm.vbproj", "{EFC24657-80B7-45FD-BC17-57FA58522DD6}"
EndProject
Project("{FAE04EC0-301F-11D3-BF4B-00C04F79EFBC}") = "LibreriaComun_Csharp", "LibreriaComun_Csharp\LibreriaComun_Csharp.csproj", "{72788FB6-081E-4E34-8724-0D7D6779C0DB}"
EndProject
Project("{FAE04EC0-301F-11D3-BF4B-00C04F79EFBC}") = "HolaMundo_Csharp_WPF", "HolaMundo_Csharp_WPF\HolaMundo_Csharp_WPF.csproj", "{437331C6-7E1F-40E7-9D05-58183F0EA7CF}"
EndProject
Global
	GlobalSection(SolutionConfigurationPlatforms) = preSolution
		Debug|Any CPU = Debug|Any CPU
		Debug|ARM = Debug|ARM
		Debug|ARM64 = Debug|ARM64
		Debug|x64 = Debug|x64
		Debug|x86 = Debug|x86
		Release|Any CPU = Release|Any CPU
		Release|ARM = Release|ARM
		Release|ARM64 = Release|ARM64
		Release|x64 = Release|x64
		Release|x86 = Release|x86
	EndGlobalSection
	GlobalSection(ProjectConfigurationPlatforms) = postSolution
		{EFC24657-80B7-45FD-BC17-57FA58522DD6}.Debug|Any CPU.ActiveCfg = Debug|Any CPU
		{EFC24657-80B7-45FD-BC17-57FA58522DD6}.Debug|Any CPU.Build.0 = Debug|Any CPU
		{EFC24657-80B7-45FD-BC17-57FA58522DD6}.Debug|ARM.ActiveCfg = Debug|Any CPU
		{EFC24657-80B7-45FD-BC17-57FA58522DD6}.Debug|ARM.Build.0 = Debug|Any CPU
		{EFC24657-80B7-45FD-BC17-57FA58522DD6}.Debug|ARM64.ActiveCfg = Debug|Any CPU
		{EFC24657-80B7-45FD-BC17-57FA58522DD6}.Debug|ARM64.Build.0 = Debug|Any CPU
		{EFC24657-80B7-45FD-BC17-57FA58522DD6}.Debug|x64.ActiveCfg = Debug|Any CPU
		{EFC24657-80B7-45FD-BC17-57FA58522DD6}.Debug|x64.Build.0 = Debug|Any CPU
		{EFC24657-80B7-45FD-BC17-57FA58522DD6}.Debug|x86.ActiveCfg = Debug|Any CPU
		{EFC24657-80B7-45FD-BC17-57FA58522DD6}.Debug|x86.Build.0 = Debug|Any CPU
		{EFC24657-80B7-45FD-BC17-57FA58522DD6}.Release|Any CPU.ActiveCfg = Release|Any CPU
		{EFC24657-80B7-45FD-BC17-57FA58522DD6}.Release|Any CPU.Build.0 = Release|Any CPU
		{EFC24657-80B7-45FD-BC17-57FA58522DD6}.Release|ARM.ActiveCfg = Release|Any CPU
		{EFC24657-80B7-45FD-BC17-57FA58522DD6}.Release|ARM.Build.0 = Release|Any CPU
		{EFC24657-80B7-45FD-BC17-57FA58522DD6}.Release|ARM64.ActiveCfg = Release|Any CPU
		{EFC24657-80B7-45FD-BC17-57FA58522DD6}.Release|ARM64.Build.0 = Release|Any CPU
		{EFC24657-80B7-45FD-BC17-57FA58522DD6}.Release|x64.ActiveCfg = Release|Any CPU
		{EFC24657-80B7-45FD-BC17-57FA58522DD6}.Release|x64.Build.0 = Release|Any CPU
		{EFC24657-80B7-45FD-BC17-57FA58522DD6}.Release|x86.ActiveCfg = Release|Any CPU
		{EFC24657-80B7-45FD-BC17-57FA58522DD6}.Release|x86.Build.0 = Release|Any CPU
		{72788FB6-081E-4E34-8724-0D7D6779C0DB}.Debug|Any CPU.ActiveCfg = Debug|Any CPU
		{72788FB6-081E-4E34-8724-0D7D6779C0DB}.Debug|Any CPU.Build.0 = Debug|Any CPU
		{72788FB6-081E-4E34-8724-0D7D6779C0DB}.Debug|ARM.ActiveCfg = Debug|Any CPU
		{72788FB6-081E-4E34-8724-0D7D6779C0DB}.Debug|ARM.Build.0 = Debug|Any CPU
		{72788FB6-081E-4E34-8724-0D7D6779C0DB}.Debug|ARM64.ActiveCfg = Debug|Any CPU
		{72788FB6-081E-4E34-8724-0D7D6779C0DB}.Debug|ARM64.Build.0 = Debug|Any CPU
		{72788FB6-081E-4E34-8724-0D7D6779C0DB}.Debug|x64.ActiveCfg = Debug|Any CPU
		{72788FB6-081E-4E34-8724-0D7D6779C0DB}.Debug|x64.Build.0 = Debug|Any CPU
		{72788FB6-081E-4E34-8724-0D7D6779C0DB}.Debug|x86.ActiveCfg = Debug|Any CPU
		{72788FB6-081E-4E34-8724-0D7D6779C0DB}.Debug|x86.Build.0 = Debug|Any CPU
		{72788FB6-081E-4E34-8724-0D7D6779C0DB}.Release|Any CPU.ActiveCfg = Release|Any CPU
		{72788FB6-081E-4E34-8724-0D7D6779C0DB}.Release|Any CPU.Build.0 = Release|Any CPU
		{72788FB6-081E-4E34-8724-0D7D6779C0DB}.Release|ARM.ActiveCfg = Release|Any CPU
		{72788FB6-081E-4E34-8724-0D7D6779C0DB}.Release|ARM.Build.0 = Release|Any CPU
		{72788FB6-081E-4E34-8724-0D7D6779C0DB}.Release|ARM64.ActiveCfg = Release|Any CPU
		{72788FB6-081E-4E34-8724-0D7D6779C0DB}.Release|ARM64.Build.0 = Release|Any CPU
		{72788FB6-081E-4E34-8724-0D7D6779C0DB}.Release|x64.ActiveCfg = Release|Any CPU
		{72788FB6-081E-4E34-8724-0D7D6779C0DB}.Release|x64.Build.0 = Release|Any CPU
		{72788FB6-081E-4E34-8724-0D7D6779C0DB}.Release|x86.ActiveCfg = Release|Any CPU
		{72788FB6-081E-4E34-8724-0D7D6779C0DB}.Release|x86.Build.0 = Release|Any CPU
		{437331C6-7E1F-40E7-9D05-58183F0EA7CF}.Debug|Any CPU.ActiveCfg = Debug|Any CPU
		{437331C6-7E1F-40E7-9D05-58183F0EA7CF}.Debug|Any CPU.Build.0 = Debug|Any CPU
		{437331C6-7E1F-40E7-9D05-58183F0EA7CF}.Debug|ARM.ActiveCfg = Debug|Any CPU
		{437331C6-7E1F-40E7-9D05-58183F0EA7CF}.Debug|ARM.Build.0 = Debug|Any CPU
		{437331C6-7E1F-40E7-9D05-58183F0EA7CF}.Debug|ARM64.ActiveCfg = Debug|Any CPU
		{437331C6-7E1F-40E7-9D05-58183F0EA7CF}.Debug|ARM64.Build.0 = Debug|Any CPU
		{437331C6-7E1F-40E7-9D05-58183F0EA7CF}.Debug|x64.ActiveCfg = Debug|Any CPU
		{437331C6-7E1F-40E7-9D05-58183F0EA7CF}.Debug|x64.Build.0 = Debug|Any CPU
		{437331C6-7E1F-40E7-9D05-58183F0EA7CF}.Debug|x86.ActiveCfg = Debug|Any CPU
		{437331C6-7E1F-40E7-9D05-58183F0EA7CF}.Debug|x86.Build.0 = Debug|Any CPU
		{437331C6-7E1F-40E7-9D05-58183F0EA7CF}.Release|Any CPU.ActiveCfg = Release|Any CPU
		{437331C6-7E1F-40E7-9D05-58183F0EA7CF}.Release|Any CPU.Build.0 = Release|Any CPU
		{437331C6-7E1F-40E7-9D05-58183F0EA7CF}.Release|ARM.ActiveCfg = Release|Any CPU
		{437331C6-7E1F-40E7-9D05-58183F0EA7CF}.Release|ARM.Build.0 = Release|Any CPU
		{437331C6-7E1F-40E7-9D05-58183F0EA7CF}.Release|ARM64.ActiveCfg = Release|Any CPU
		{437331C6-7E1F-40E7-9D05-58183F0EA7CF}.Release|ARM64.Build.0 = Release|Any CPU
		{437331C6-7E1F-40E7-9D05-58183F0EA7CF}.Release|x64.ActiveCfg = Release|Any CPU
		{437331C6-7E1F-40E7-9D05-58183F0EA7CF}.Release|x64.Build.0 = Release|Any CPU
		{437331C6-7E1F-40E7-9D05-58183F0EA7CF}.Release|x86.ActiveCfg = Release|Any CPU
		{437331C6-7E1F-40E7-9D05-58183F0EA7CF}.Release|x86.Build.0 = Release|Any CPU
	EndGlobalSection
	GlobalSection(SolutionProperties) = preSolution
		HideSolutionNode = FALSE
	EndGlobalSection
	GlobalSection(ExtensibilityGlobals) = postSolution
		SolutionGuid = {6F68C51E-6F9B-4AFD-85E3-E3DC9A401189}
	EndGlobalSection
EndGlobal
