
Microsoft Visual Studio Solution File, Format Version 12.00
# Visual Studio Version 17
VisualStudioVersion = 17.7.34202.233
MinimumVisualStudioVersion = 10.0.40219.1
Project("{FAE04EC0-301F-11D3-BF4B-00C04F79EFBC}") = "ElMandaloriano", "ElMandaloriano\ElMandaloriano.csproj", "{2154CB0E-A74B-475B-9E15-15D4EA55DEE8}"
EndProject
Project("{FAE04EC0-301F-11D3-BF4B-00C04F79EFBC}") = "Biblioteca", "Biblioteca\Biblioteca.csproj", "{5A33B81B-9A06-4407-9B11-885CFE4BCD54}"
EndProject
Global
	GlobalSection(SolutionConfigurationPlatforms) = preSolution
		Debug|Any CPU = Debug|Any CPU
		Release|Any CPU = Release|Any CPU
	EndGlobalSection
	GlobalSection(ProjectConfigurationPlatforms) = postSolution
		{2154CB0E-A74B-475B-9E15-15D4EA55DEE8}.Debug|Any CPU.ActiveCfg = Debug|Any CPU
		{2154CB0E-A74B-475B-9E15-15D4EA55DEE8}.Debug|Any CPU.Build.0 = Debug|Any CPU
		{2154CB0E-A74B-475B-9E15-15D4EA55DEE8}.Release|Any CPU.ActiveCfg = Release|Any CPU
		{2154CB0E-A74B-475B-9E15-15D4EA55DEE8}.Release|Any CPU.Build.0 = Release|Any CPU
		{5A33B81B-9A06-4407-9B11-885CFE4BCD54}.Debug|Any CPU.ActiveCfg = Debug|Any CPU
		{5A33B81B-9A06-4407-9B11-885CFE4BCD54}.Debug|Any CPU.Build.0 = Debug|Any CPU
		{5A33B81B-9A06-4407-9B11-885CFE4BCD54}.Release|Any CPU.ActiveCfg = Release|Any CPU
		{5A33B81B-9A06-4407-9B11-885CFE4BCD54}.Release|Any CPU.Build.0 = Release|Any CPU
	EndGlobalSection
	GlobalSection(SolutionProperties) = preSolution
		HideSolutionNode = FALSE
	EndGlobalSection
	GlobalSection(ExtensibilityGlobals) = postSolution
		SolutionGuid = {3B4B9247-C83A-45DD-BB10-7E360D3D28A0}
	EndGlobalSection
EndGlobal
