
Microsoft Visual Studio Solution File, Format Version 12.00
# Visual Studio Version 17
VisualStudioVersion = 17.7.34031.279
MinimumVisualStudioVersion = 10.0.40219.1
Project("{9A19103F-16F7-4668-BE54-9A1E7A4F7556}") = "Ejercicio1T5_MAUI_HolaMundo", "Ejercicio1T5_MAUI_HolaMundo\Ejercicio1T5_MAUI_HolaMundo.csproj", "{3993AB9A-519D-4B2A-AB68-506C7279BDDA}"
EndProject
Project("{FAE04EC0-301F-11D3-BF4B-00C04F79EFBC}") = "Biblioteca_comun", "Biblioteca_comun\Biblioteca_comun.csproj", "{5888E1D1-D0E0-4841-B8F3-D47AA4D6FD68}"
EndProject
Global
	GlobalSection(SolutionConfigurationPlatforms) = preSolution
		Debug|Any CPU = Debug|Any CPU
		Release|Any CPU = Release|Any CPU
	EndGlobalSection
	GlobalSection(ProjectConfigurationPlatforms) = postSolution
		{3993AB9A-519D-4B2A-AB68-506C7279BDDA}.Debug|Any CPU.ActiveCfg = Debug|Any CPU
		{3993AB9A-519D-4B2A-AB68-506C7279BDDA}.Debug|Any CPU.Build.0 = Debug|Any CPU
		{3993AB9A-519D-4B2A-AB68-506C7279BDDA}.Debug|Any CPU.Deploy.0 = Debug|Any CPU
		{3993AB9A-519D-4B2A-AB68-506C7279BDDA}.Release|Any CPU.ActiveCfg = Release|Any CPU
		{3993AB9A-519D-4B2A-AB68-506C7279BDDA}.Release|Any CPU.Build.0 = Release|Any CPU
		{3993AB9A-519D-4B2A-AB68-506C7279BDDA}.Release|Any CPU.Deploy.0 = Release|Any CPU
		{5888E1D1-D0E0-4841-B8F3-D47AA4D6FD68}.Debug|Any CPU.ActiveCfg = Debug|Any CPU
		{5888E1D1-D0E0-4841-B8F3-D47AA4D6FD68}.Debug|Any CPU.Build.0 = Debug|Any CPU
		{5888E1D1-D0E0-4841-B8F3-D47AA4D6FD68}.Release|Any CPU.ActiveCfg = Release|Any CPU
		{5888E1D1-D0E0-4841-B8F3-D47AA4D6FD68}.Release|Any CPU.Build.0 = Release|Any CPU
	EndGlobalSection
	GlobalSection(SolutionProperties) = preSolution
		HideSolutionNode = FALSE
	EndGlobalSection
	GlobalSection(ExtensibilityGlobals) = postSolution
		SolutionGuid = {6A801A1E-EFF5-4707-8154-EC41F391027A}
	EndGlobalSection
EndGlobal
