
Microsoft Visual Studio Solution File, Format Version 12.00
# Visual Studio Version 17
VisualStudioVersion = 17.7.34221.43
MinimumVisualStudioVersion = 10.0.40219.1
Project("{FAE04EC0-301F-11D3-BF4B-00C04F79EFBC}") = "Ejercicio1", "EjerciciosU8\Ejercicio1.csproj", "{17224B03-2F09-4EE4-AB4B-A217F9528D98}"
EndProject
Project("{FAE04EC0-301F-11D3-BF4B-00C04F79EFBC}") = "Ejercicio2", "Ejercicio2\Ejercicio2.csproj", "{3A13CDA2-30A0-4F51-91C4-2322034AA9B0}"
EndProject
Project("{FAE04EC0-301F-11D3-BF4B-00C04F79EFBC}") = "Ejercicio3", "Ejercicio3\Ejercicio3.csproj", "{7779FEB9-A955-45CC-94F8-8354C1C5EC6A}"
EndProject
Global
	GlobalSection(SolutionConfigurationPlatforms) = preSolution
		Debug|Any CPU = Debug|Any CPU
		Release|Any CPU = Release|Any CPU
	EndGlobalSection
	GlobalSection(ProjectConfigurationPlatforms) = postSolution
		{17224B03-2F09-4EE4-AB4B-A217F9528D98}.Debug|Any CPU.ActiveCfg = Debug|Any CPU
		{17224B03-2F09-4EE4-AB4B-A217F9528D98}.Debug|Any CPU.Build.0 = Debug|Any CPU
		{17224B03-2F09-4EE4-AB4B-A217F9528D98}.Release|Any CPU.ActiveCfg = Release|Any CPU
		{17224B03-2F09-4EE4-AB4B-A217F9528D98}.Release|Any CPU.Build.0 = Release|Any CPU
		{3A13CDA2-30A0-4F51-91C4-2322034AA9B0}.Debug|Any CPU.ActiveCfg = Debug|Any CPU
		{3A13CDA2-30A0-4F51-91C4-2322034AA9B0}.Debug|Any CPU.Build.0 = Debug|Any CPU
		{3A13CDA2-30A0-4F51-91C4-2322034AA9B0}.Release|Any CPU.ActiveCfg = Release|Any CPU
		{3A13CDA2-30A0-4F51-91C4-2322034AA9B0}.Release|Any CPU.Build.0 = Release|Any CPU
		{7779FEB9-A955-45CC-94F8-8354C1C5EC6A}.Debug|Any CPU.ActiveCfg = Debug|Any CPU
		{7779FEB9-A955-45CC-94F8-8354C1C5EC6A}.Debug|Any CPU.Build.0 = Debug|Any CPU
		{7779FEB9-A955-45CC-94F8-8354C1C5EC6A}.Release|Any CPU.ActiveCfg = Release|Any CPU
		{7779FEB9-A955-45CC-94F8-8354C1C5EC6A}.Release|Any CPU.Build.0 = Release|Any CPU
	EndGlobalSection
	GlobalSection(SolutionProperties) = preSolution
		HideSolutionNode = FALSE
	EndGlobalSection
	GlobalSection(ExtensibilityGlobals) = postSolution
		SolutionGuid = {6000A0D0-3D7F-4BF4-BCAE-E58683741F27}
	EndGlobalSection
EndGlobal
